
Microsoft Visual Studio Solution File, Format Version 12.00
# Visual Studio Version 16
VisualStudioVersion = 16.0.30907.101
MinimumVisualStudioVersion = 10.0.40219.1
Project("{FAE04EC0-301F-11D3-BF4B-00C04F79EFBC}") = "InterfaceAndAbstractExp", "InterfaceAndAbstractExp\InterfaceAndAbstractExp.csproj", "{9B95D07B-3E94-40D2-A0FD-BB7BBB20ACEC}"
EndProject
Global
	GlobalSection(SolutionConfigurationPlatforms) = preSolution
		Debug|Any CPU = Debug|Any CPU
		Release|Any CPU = Release|Any CPU
	EndGlobalSection
	GlobalSection(ProjectConfigurationPlatforms) = postSolution
		{9B95D07B-3E94-40D2-A0FD-BB7BBB20ACEC}.Debug|Any CPU.ActiveCfg = Debug|Any CPU
		{9B95D07B-3E94-40D2-A0FD-BB7BBB20ACEC}.Debug|Any CPU.Build.0 = Debug|Any CPU
		{9B95D07B-3E94-40D2-A0FD-BB7BBB20ACEC}.Release|Any CPU.ActiveCfg = Release|Any CPU
		{9B95D07B-3E94-40D2-A0FD-BB7BBB20ACEC}.Release|Any CPU.Build.0 = Release|Any CPU
	EndGlobalSection
	GlobalSection(SolutionProperties) = preSolution
		HideSolutionNode = FALSE
	EndGlobalSection
	GlobalSection(ExtensibilityGlobals) = postSolution
		SolutionGuid = {7D4549B2-65E8-4E68-B83A-97FB361C3532}
	EndGlobalSection
EndGlobal
